
Microsoft Visual Studio Solution File, Format Version 12.00
# Visual Studio 15
VisualStudioVersion = 15.0.28307.960
MinimumVisualStudioVersion = 10.0.40219.1
Project("{F184B08F-C81C-45F6-A57F-5ABD9991F28F}") = "Sender", "Sender\Sender.vbproj", "{A0537FDC-764A-46A9-A4BA-AAD5C3E02973}"
EndProject
Global
	GlobalSection(SolutionConfigurationPlatforms) = preSolution
		Debug|Any CPU = Debug|Any CPU
		Release|Any CPU = Release|Any CPU
	EndGlobalSection
	GlobalSection(ProjectConfigurationPlatforms) = postSolution
		{A0537FDC-764A-46A9-A4BA-AAD5C3E02973}.Debug|Any CPU.ActiveCfg = Debug|Any CPU
		{A0537FDC-764A-46A9-A4BA-AAD5C3E02973}.Debug|Any CPU.Build.0 = Debug|Any CPU
		{A0537FDC-764A-46A9-A4BA-AAD5C3E02973}.Release|Any CPU.ActiveCfg = Release|Any CPU
		{A0537FDC-764A-46A9-A4BA-AAD5C3E02973}.Release|Any CPU.Build.0 = Release|Any CPU
	EndGlobalSection
	GlobalSection(SolutionProperties) = preSolution
		HideSolutionNode = FALSE
	EndGlobalSection
	GlobalSection(ExtensibilityGlobals) = postSolution
		SolutionGuid = {47DF0EFC-B7BE-4259-9A86-14CDEBF6E421}
	EndGlobalSection
EndGlobal
